
Microsoft Visual Studio Solution File, Format Version 12.00
# Visual Studio Version 17
VisualStudioVersion = 17.8.34309.116
MinimumVisualStudioVersion = 10.0.40219.1
Project("{FAE04EC0-301F-11D3-BF4B-00C04F79EFBC}") = "HW_CSharp_3.7", "HW_CSharp_3.7.csproj", "{DBE2BBE8-EDF8-48EA-9CFD-B79CF781EC58}"
EndProject
Global
	GlobalSection(SolutionConfigurationPlatforms) = preSolution
		Debug|Any CPU = Debug|Any CPU
		Release|Any CPU = Release|Any CPU
	EndGlobalSection
	GlobalSection(ProjectConfigurationPlatforms) = postSolution
		{DBE2BBE8-EDF8-48EA-9CFD-B79CF781EC58}.Debug|Any CPU.ActiveCfg = Debug|Any CPU
		{DBE2BBE8-EDF8-48EA-9CFD-B79CF781EC58}.Debug|Any CPU.Build.0 = Debug|Any CPU
		{DBE2BBE8-EDF8-48EA-9CFD-B79CF781EC58}.Release|Any CPU.ActiveCfg = Release|Any CPU
		{DBE2BBE8-EDF8-48EA-9CFD-B79CF781EC58}.Release|Any CPU.Build.0 = Release|Any CPU
	EndGlobalSection
	GlobalSection(SolutionProperties) = preSolution
		HideSolutionNode = FALSE
	EndGlobalSection
	GlobalSection(ExtensibilityGlobals) = postSolution
		SolutionGuid = {67B7B1AB-0766-4009-8D2D-49E248A2DC78}
	EndGlobalSection
EndGlobal
